
Microsoft Visual Studio Solution File, Format Version 12.00
# Visual Studio Version 17
VisualStudioVersion = 17.5.33424.131
MinimumVisualStudioVersion = 10.0.40219.1
Project("{FAE04EC0-301F-11D3-BF4B-00C04F79EFBC}") = "RWA Projekt", "RWA Projekt\RWA Projekt.csproj", "{6BBEBC68-CAF2-4087-837A-1E3F644172B5}"
EndProject
Project("{FAE04EC0-301F-11D3-BF4B-00C04F79EFBC}") = "DBLayer", "DBLayer\DBLayer.csproj", "{5D0117A8-4409-44BA-9E0E-92C22E18563E}"
EndProject
Global
	GlobalSection(SolutionConfigurationPlatforms) = preSolution
		Debug|Any CPU = Debug|Any CPU
		Release|Any CPU = Release|Any CPU
	EndGlobalSection
	GlobalSection(ProjectConfigurationPlatforms) = postSolution
		{6BBEBC68-CAF2-4087-837A-1E3F644172B5}.Debug|Any CPU.ActiveCfg = Debug|Any CPU
		{6BBEBC68-CAF2-4087-837A-1E3F644172B5}.Debug|Any CPU.Build.0 = Debug|Any CPU
		{6BBEBC68-CAF2-4087-837A-1E3F644172B5}.Release|Any CPU.ActiveCfg = Release|Any CPU
		{6BBEBC68-CAF2-4087-837A-1E3F644172B5}.Release|Any CPU.Build.0 = Release|Any CPU
		{5D0117A8-4409-44BA-9E0E-92C22E18563E}.Debug|Any CPU.ActiveCfg = Debug|Any CPU
		{5D0117A8-4409-44BA-9E0E-92C22E18563E}.Debug|Any CPU.Build.0 = Debug|Any CPU
		{5D0117A8-4409-44BA-9E0E-92C22E18563E}.Release|Any CPU.ActiveCfg = Release|Any CPU
		{5D0117A8-4409-44BA-9E0E-92C22E18563E}.Release|Any CPU.Build.0 = Release|Any CPU
	EndGlobalSection
	GlobalSection(SolutionProperties) = preSolution
		HideSolutionNode = FALSE
	EndGlobalSection
	GlobalSection(ExtensibilityGlobals) = postSolution
		SolutionGuid = {23F52BAE-6703-4A04-A702-4CCFEBD197E5}
	EndGlobalSection
EndGlobal
